
Microsoft Visual Studio Solution File, Format Version 12.00
# Visual Studio Version 17
VisualStudioVersion = 17.2.32616.157
MinimumVisualStudioVersion = 10.0.40219.1
Project("{E24C65DC-7377-472B-9ABA-BC803B73C61A}") = "ESG_blockchain", ".", "{EFCECD8E-1645-4668-BBE4-4452E2F5A61E}"
	ProjectSection(WebsiteProperties) = preProject
		TargetFrameworkMoniker = ".NETFramework,Version%3Dv4.7.2"
		Debug.AspNetCompiler.VirtualPath = "/localhost_58362"
		Debug.AspNetCompiler.PhysicalPath = "..\ESG_blockchain\"
		Debug.AspNetCompiler.TargetPath = "PrecompiledWeb\localhost_58362\"
		Debug.AspNetCompiler.Updateable = "true"
		Debug.AspNetCompiler.ForceOverwrite = "true"
		Debug.AspNetCompiler.FixedNames = "false"
		Debug.AspNetCompiler.Debug = "True"
		Release.AspNetCompiler.VirtualPath = "/localhost_58362"
		Release.AspNetCompiler.PhysicalPath = "..\ESG_blockchain\"
		Release.AspNetCompiler.TargetPath = "PrecompiledWeb\localhost_58362\"
		Release.AspNetCompiler.Updateable = "true"
		Release.AspNetCompiler.ForceOverwrite = "true"
		Release.AspNetCompiler.FixedNames = "false"
		Release.AspNetCompiler.Debug = "False"
		VWDPort = "58362"
		SlnRelativePath = "..\ESG_blockchain\"
		DefaultWebSiteLanguage = "Visual C#"
	EndProjectSection
EndProject
Global
	GlobalSection(SolutionConfigurationPlatforms) = preSolution
		Debug|Any CPU = Debug|Any CPU
	EndGlobalSection
	GlobalSection(ProjectConfigurationPlatforms) = postSolution
		{EFCECD8E-1645-4668-BBE4-4452E2F5A61E}.Debug|Any CPU.ActiveCfg = Debug|Any CPU
		{EFCECD8E-1645-4668-BBE4-4452E2F5A61E}.Debug|Any CPU.Build.0 = Debug|Any CPU
	EndGlobalSection
	GlobalSection(SolutionProperties) = preSolution
		HideSolutionNode = FALSE
	EndGlobalSection
	GlobalSection(ExtensibilityGlobals) = postSolution
		SolutionGuid = {631CFE8D-3EF6-43B2-B8E9-2A9B9631C8D8}
	EndGlobalSection
EndGlobal
